
Microsoft Visual Studio Solution File, Format Version 12.00
# Visual Studio Version 17
VisualStudioVersion = 17.9.34728.123
MinimumVisualStudioVersion = 10.0.40219.1
Project("{9A19103F-16F7-4668-BE54-9A1E7A4F7556}") = "TextSearchInFiles", "TextSearchInFiles\TextSearchInFiles.csproj", "{C78346FF-F043-4B50-8A81-1EC752A49005}"
EndProject
Project("{FAE04EC0-301F-11D3-BF4B-00C04F79EFBC}") = "TextSearchInFilesTest", "..\TextSearchInFilesTest\TextSearchInFilesTest.csproj", "{95A81856-CB37-4DC7-A602-BFDD3E229C6C}"
EndProject
Global
	GlobalSection(SolutionConfigurationPlatforms) = preSolution
		Debug|Any CPU = Debug|Any CPU
		Release|Any CPU = Release|Any CPU
	EndGlobalSection
	GlobalSection(ProjectConfigurationPlatforms) = postSolution
		{C78346FF-F043-4B50-8A81-1EC752A49005}.Debug|Any CPU.ActiveCfg = Debug|Any CPU
		{C78346FF-F043-4B50-8A81-1EC752A49005}.Debug|Any CPU.Build.0 = Debug|Any CPU
		{C78346FF-F043-4B50-8A81-1EC752A49005}.Release|Any CPU.ActiveCfg = Release|Any CPU
		{C78346FF-F043-4B50-8A81-1EC752A49005}.Release|Any CPU.Build.0 = Release|Any CPU
		{95A81856-CB37-4DC7-A602-BFDD3E229C6C}.Debug|Any CPU.ActiveCfg = Debug|Any CPU
		{95A81856-CB37-4DC7-A602-BFDD3E229C6C}.Debug|Any CPU.Build.0 = Debug|Any CPU
		{95A81856-CB37-4DC7-A602-BFDD3E229C6C}.Release|Any CPU.ActiveCfg = Release|Any CPU
		{95A81856-CB37-4DC7-A602-BFDD3E229C6C}.Release|Any CPU.Build.0 = Release|Any CPU
	EndGlobalSection
	GlobalSection(SolutionProperties) = preSolution
		HideSolutionNode = FALSE
	EndGlobalSection
	GlobalSection(ExtensibilityGlobals) = postSolution
		SolutionGuid = {5ECB8A96-0D13-4BA9-AED4-6BA66E45A8C7}
	EndGlobalSection
EndGlobal
